
Microsoft Visual Studio Solution File, Format Version 12.00
# Visual Studio Version 17
VisualStudioVersion = 17.5.002.0
MinimumVisualStudioVersion = 10.0.40219.1
Project("{9A19103F-16F7-4668-BE54-9A1E7A4F7556}") = "demo35_github", "demo35_github.csproj", "{9EE60560-6F31-43DE-9D54-FA04B6A3D1B6}"
EndProject
Global
	GlobalSection(SolutionConfigurationPlatforms) = preSolution
		Debug|Any CPU = Debug|Any CPU
		Release|Any CPU = Release|Any CPU
	EndGlobalSection
	GlobalSection(ProjectConfigurationPlatforms) = postSolution
		{9EE60560-6F31-43DE-9D54-FA04B6A3D1B6}.Debug|Any CPU.ActiveCfg = Debug|Any CPU
		{9EE60560-6F31-43DE-9D54-FA04B6A3D1B6}.Debug|Any CPU.Build.0 = Debug|Any CPU
		{9EE60560-6F31-43DE-9D54-FA04B6A3D1B6}.Release|Any CPU.ActiveCfg = Release|Any CPU
		{9EE60560-6F31-43DE-9D54-FA04B6A3D1B6}.Release|Any CPU.Build.0 = Release|Any CPU
	EndGlobalSection
	GlobalSection(SolutionProperties) = preSolution
		HideSolutionNode = FALSE
	EndGlobalSection
	GlobalSection(ExtensibilityGlobals) = postSolution
		SolutionGuid = {A4749243-D28A-4CFC-B2EE-471852CF1B9B}
	EndGlobalSection
EndGlobal
